
Microsoft Visual Studio Solution File, Format Version 12.00
# Visual Studio Version 17
VisualStudioVersion = 17.8.34316.72
MinimumVisualStudioVersion = 10.0.40219.1
Project("{FAE04EC0-301F-11D3-BF4B-00C04F79EFBC}") = "Solution1fo", "Solution1fo\Solution1fo.csproj", "{8EA2ACAF-C3B0-4BA3-8C36-7D09B71469B1}"
EndProject
Global
	GlobalSection(SolutionConfigurationPlatforms) = preSolution
		Debug|Any CPU = Debug|Any CPU
		Release|Any CPU = Release|Any CPU
	EndGlobalSection
	GlobalSection(ProjectConfigurationPlatforms) = postSolution
		{8EA2ACAF-C3B0-4BA3-8C36-7D09B71469B1}.Debug|Any CPU.ActiveCfg = Debug|Any CPU
		{8EA2ACAF-C3B0-4BA3-8C36-7D09B71469B1}.Debug|Any CPU.Build.0 = Debug|Any CPU
		{8EA2ACAF-C3B0-4BA3-8C36-7D09B71469B1}.Release|Any CPU.ActiveCfg = Release|Any CPU
		{8EA2ACAF-C3B0-4BA3-8C36-7D09B71469B1}.Release|Any CPU.Build.0 = Release|Any CPU
	EndGlobalSection
	GlobalSection(SolutionProperties) = preSolution
		HideSolutionNode = FALSE
	EndGlobalSection
	GlobalSection(ExtensibilityGlobals) = postSolution
		SolutionGuid = {173AED13-3E5A-440C-B6CD-136DC712D523}
	EndGlobalSection
EndGlobal
