
Microsoft Visual Studio Solution File, Format Version 12.00
# Visual Studio Version 17
VisualStudioVersion = 17.8.34316.72
MinimumVisualStudioVersion = 10.0.40219.1
Project("{FAE04EC0-301F-11D3-BF4B-00C04F79EFBC}") = "Solution1fo", "Solution1fo\Solution1fo.csproj", "{519E60B9-C5A3-43F0-A176-E55DC5BC6117}"
EndProject
Global
	GlobalSection(SolutionConfigurationPlatforms) = preSolution
		Debug|Any CPU = Debug|Any CPU
		Release|Any CPU = Release|Any CPU
	EndGlobalSection
	GlobalSection(ProjectConfigurationPlatforms) = postSolution
		{519E60B9-C5A3-43F0-A176-E55DC5BC6117}.Debug|Any CPU.ActiveCfg = Debug|Any CPU
		{519E60B9-C5A3-43F0-A176-E55DC5BC6117}.Debug|Any CPU.Build.0 = Debug|Any CPU
		{519E60B9-C5A3-43F0-A176-E55DC5BC6117}.Release|Any CPU.ActiveCfg = Release|Any CPU
		{519E60B9-C5A3-43F0-A176-E55DC5BC6117}.Release|Any CPU.Build.0 = Release|Any CPU
	EndGlobalSection
	GlobalSection(SolutionProperties) = preSolution
		HideSolutionNode = FALSE
	EndGlobalSection
	GlobalSection(ExtensibilityGlobals) = postSolution
		SolutionGuid = {55A39653-0DE7-4B00-B9BB-A5089D5BB4CA}
	EndGlobalSection
EndGlobal
